// !$*UTF8*$!
{
	archiveVersion = 1;
	classes = {
	};
	objectVersion = 50;
	objects = {

/* Begin PBXBuildFile section */
		D022F617253F0F8500652752 /* AppDelegate.swift in Sources */ = {isa = PBXBuildFile; fileRef = D022F616253F0F8500652752 /* AppDelegate.swift */; };
		D022F61B253F0F8500652752 /* ViewController.swift in Sources */ = {isa = PBXBuildFile; fileRef = D022F61A253F0F8500652752 /* ViewController.swift */; };
		D022F61E253F0F8500652752 /* Main.storyboard in Resources */ = {isa = PBXBuildFile; fileRef = D022F61C253F0F8500652752 /* Main.storyboard */; };
		D022F620253F0F9200652752 /* Assets.xcassets in Resources */ = {isa = PBXBuildFile; fileRef = D022F61F253F0F9200652752 /* Assets.xcassets */; };
		D022F623253F0F9200652752 /* LaunchScreen.storyboard in Resources */ = {isa = PBXBuildFile; fileRef = D022F621253F0F9200652752 /* LaunchScreen.storyboard */; };
		D022F62D253F0FB000652752 /* XYDropMenuView.m in Sources */ = {isa = PBXBuildFile; fileRef = D022F62C253F0FB000652752 /* XYDropMenuView.m */; };
/* End PBXBuildFile section */

/* Begin PBXFileReference section */
		D022F613253F0F8500652752 /* XYDropMenuView.app */ = {isa = PBXFileReference; explicitFileType = wrapper.application; includeInIndex = 0; path = XYDropMenuView.app; sourceTree = BUILT_PRODUCTS_DIR; };
		D022F616253F0F8500652752 /* AppDelegate.swift */ = {isa = PBXFileReference; lastKnownFileType = sourcecode.swift; path = AppDelegate.swift; sourceTree = "<group>"; };
		D022F61A253F0F8500652752 /* ViewController.swift */ = {isa = PBXFileReference; lastKnownFileType = sourcecode.swift; path = ViewController.swift; sourceTree = "<group>"; };
		D022F61D253F0F8500652752 /* Base */ = {isa = PBXFileReference; lastKnownFileType = file.storyboard; name = Base; path = Base.lproj/Main.storyboard; sourceTree = "<group>"; };
		D022F61F253F0F9200652752 /* Assets.xcassets */ = {isa = PBXFileReference; lastKnownFileType = folder.assetcatalog; path = Assets.xcassets; sourceTree = "<group>"; };
		D022F622253F0F9200652752 /* Base */ = {isa = PBXFileReference; lastKnownFileType = file.storyboard; name = Base; path = Base.lproj/LaunchScreen.storyboard; sourceTree = "<group>"; };
		D022F624253F0F9200652752 /* Info.plist */ = {isa = PBXFileReference; lastKnownFileType = text.plist.xml; path = Info.plist; sourceTree = "<group>"; };
		D022F62A253F0FAF00652752 /* XYDropMenuView-Bridging-Header.h */ = {isa = PBXFileReference; lastKnownFileType = sourcecode.c.h; path = "XYDropMenuView-Bridging-Header.h"; sourceTree = "<group>"; };
		D022F62B253F0FB000652752 /* XYDropMenuView.h */ = {isa = PBXFileReference; lastKnownFileType = sourcecode.c.h; path = XYDropMenuView.h; sourceTree = "<group>"; };
		D022F62C253F0FB000652752 /* XYDropMenuView.m */ = {isa = PBXFileReference; lastKnownFileType = sourcecode.c.objc; path = XYDropMenuView.m; sourceTree = "<group>"; };
/* End PBXFileReference section */

/* Begin PBXFrameworksBuildPhase section */
		D022F610253F0F8500652752 /* Frameworks */ = {
			isa = PBXFrameworksBuildPhase;
			buildActionMask = 2147483647;
			files = (
			);
			runOnlyForDeploymentPostprocessing = 0;
		};
/* End PBXFrameworksBuildPhase section */

/* Begin PBXGroup section */
		D022F60A253F0F8400652752 = {
			isa = PBXGroup;
			children = (
				D022F615253F0F8500652752 /* XYDropMenuView */,
				D022F614253F0F8500652752 /* Products */,
			);
			sourceTree = "<group>";
		};
		D022F614253F0F8500652752 /* Products */ = {
			isa = PBXGroup;
			children = (
				D022F613253F0F8500652752 /* XYDropMenuView.app */,
			);
			name = Products;
			sourceTree = "<group>";
		};
		D022F615253F0F8500652752 /* XYDropMenuView */ = {
			isa = PBXGroup;
			children = (
				D022F616253F0F8500652752 /* AppDelegate.swift */,
				D022F61A253F0F8500652752 /* ViewController.swift */,
				D022F61C253F0F8500652752 /* Main.storyboard */,
				D022F61F253F0F9200652752 /* Assets.xcassets */,
				D022F621253F0F9200652752 /* LaunchScreen.storyboard */,
				D022F624253F0F9200652752 /* Info.plist */,
				D022F62B253F0FB000652752 /* XYDropMenuView.h */,
				D022F62C253F0FB000652752 /* XYDropMenuView.m */,
				D022F62A253F0FAF00652752 /* XYDropMenuView-Bridging-Header.h */,
			);
			path = XYDropMenuView;
			sourceTree = "<group>";
		};
/* End PBXGroup section */

/* Begin PBXNativeTarget section */
		D022F612253F0F8500652752 /* XYDropMenuView */ = {
			isa = PBXNativeTarget;
			buildConfigurationList = D022F627253F0F9200652752 /* Build configuration list for PBXNativeTarget "XYDropMenuView" */;
			buildPhases = (
				D022F60F253F0F8500652752 /* Sources */,
				D022F610253F0F8500652752 /* Frameworks */,
				D022F611253F0F8500652752 /* Resources */,
			);
			buildRules = (
			);
			dependencies = (
			);
			name = XYDropMenuView;
			productName = XYDropMenuView;
			productReference = D022F613253F0F8500652752 /* XYDropMenuView.app */;
			productType = "com.apple.product-type.application";
		};
/* End PBXNativeTarget section */

/* Begin PBXProject section */
		D022F60B253F0F8400652752 /* Project object */ = {
			isa = PBXProject;
			attributes = {
				LastSwiftUpdateCheck = 1160;
				LastUpgradeCheck = 1160;
				ORGANIZATIONNAME = xiaoyuan;
				TargetAttributes = {
					D022F612253F0F8500652752 = {
						CreatedOnToolsVersion = 11.6;
						LastSwiftMigration = 1160;
					};
				};
			};
			buildConfigurationList = D022F60E253F0F8500652752 /* Build configuration list for PBXProject "XYDropMenuView" */;
			compatibilityVersion = "Xcode 9.3";
			developmentRegion = en;
			hasScannedForEncodings = 0;
			knownRegions = (
				en,
				Base,
			);
			mainGroup = D022F60A253F0F8400652752;
			productRefGroup = D022F614253F0F8500652752 /* Products */;
			projectDirPath = "";
			projectRoot = "";
			targets = (
				D022F612253F0F8500652752 /* XYDropMenuView */,
			);
		};
/* End PBXProject section */

/* Begin PBXResourcesBuildPhase section */
		D022F611253F0F8500652752 /* Resources */ = {
			isa = PBXResourcesBuildPhase;
			buildActionMask = 2147483647;
			files = (
				D022F623253F0F9200652752 /* LaunchScreen.storyboard in Resources */,
				D022F620253F0F9200652752 /* Assets.xcassets in Resources */,
				D022F61E253F0F8500652752 /* Main.storyboard in Resources */,
			);
			runOnlyForDeploymentPostprocessing = 0;
		};
/* End PBXResourcesBuildPhase section */

/* Begin PBXSourcesBuildPhase section */
		D022F60F253F0F8500652752 /* Sources */ = {
			isa = PBXSourcesBuildPhase;
			buildActionMask = 2147483647;
			files = (
				D022F61B253F0F8500652752 /* ViewController.swift in Sources */,
				D022F62D253F0FB000652752 /* XYDropMenuView.m in Sources */,
				D022F617253F0F8500652752 /* AppDelegate.swift in Sources */,
			);
			runOnlyForDeploymentPostprocessing = 0;
		};
/* End PBXSourcesBuildPhase section */

/* Begin PBXVariantGroup section */
		D022F61C253F0F8500652752 /* Main.storyboard */ = {
			isa = PBXVariantGroup;
			children = (
				D022F61D253F0F8500652752 /* Base */,
			);
			name = Main.storyboard;
			sourceTree = "<group>";
		};
		D022F621253F0F9200652752 /* LaunchScreen.storyboard */ = {
			isa = PBXVariantGroup;
			children = (
				D022F622253F0F9200652752 /* Base */,
			);
			name = LaunchScreen.storyboard;
			sourceTree = "<group>";
		};
/* End PBXVariantGroup section */

/* Begin XCBuildConfiguration section */
		D022F625253F0F9200652752 /* Debug */ = {
			isa = XCBuildConfiguration;
			buildSettings = {
				ALWAYS_SEARCH_USER_PATHS = NO;
				CLANG_ANALYZER_NONNULL = YES;
				CLANG_ANALYZER_NUMBER_OBJECT_CONVERSION = YES_AGGRESSIVE;
				CLANG_CXX_LANGUAGE_STANDARD = "gnu++14";
				CLANG_CXX_LIBRARY = "libc++";
				CLANG_ENABLE_MODULES = YES;
				CLANG_ENABLE_OBJC_ARC = YES;
				CLANG_ENABLE_OBJC_WEAK = YES;
				CLANG_WARN_BLOCK_CAPTURE_AUTORELEASING = YES;
				CLANG_WARN_BOOL_CONVERSION = YES;
				CLANG_WARN_COMMA = YES;
				CLANG_WARN_CONSTANT_CONVERSION = YES;
				CLANG_WARN_DEPRECATED_OBJC_IMPLEMENTATIONS = YES;
				CLANG_WARN_DIRECT_OBJC_ISA_USAGE = YES_ERROR;
				CLANG_WARN_DOCUMENTATION_COMMENTS = YES;
				CLANG_WARN_EMPTY_BODY = YES;
				CLANG_WARN_ENUM_CONVERSION = YES;
				CLANG_WARN_INFINITE_RECURSION = YES;
				CLANG_WARN_INT_CONVERSION = YES;
				CLANG_WARN_NON_LITERAL_NULL_CONVERSION = YES;
				CLANG_WARN_OBJC_IMPLICIT_RETAIN_SELF = YES;
				CLANG_WARN_OBJC_LITERAL_CONVERSION = YES;
				CLANG_WARN_OBJC_ROOT_CLASS = YES_ERROR;
				CLANG_WARN_RANGE_LOOP_ANALYSIS = YES;
				CLANG_WARN_STRICT_PROTOTYPES = YES;
				CLANG_WARN_SUSPICIOUS_MOVE = YES;
				CLANG_WARN_UNGUARDED_AVAILABILITY = YES_AGGRESSIVE;
				CLANG_WARN_UNREACHABLE_CODE = YES;
				CLANG_WARN__DUPLICATE_METHOD_MATCH = YES;
				COPY_PHASE_STRIP = NO;
				DEBUG_INFORMATION_FORMAT = dwarf;
				ENABLE_STRICT_OBJC_MSGSEND = YES;
				ENABLE_TESTABILITY = YES;
				GCC_C_LANGUAGE_STANDARD = gnu11;
				GCC_DYNAMIC_NO_PIC = NO;
				GCC_NO_COMMON_BLOCKS = YES;
				GCC_OPTIMIZATION_LEVEL = 0;
				GCC_PREPROCESSOR_DEFINITIONS = (
					"DEBUG=1",
					"$(inherited)",
				);
				GCC_WARN_64_TO_32_BIT_CONVERSION = YES;
				GCC_WARN_ABOUT_RETURN_TYPE = YES_ERROR;
				GCC_WARN_UNDECLARED_SELECTOR = YES;
				GCC_WARN_UNINITIALIZED_AUTOS = YES_AGGRESSIVE;
				GCC_WARN_UNUSED_FUNCTION = YES;
				GCC_WARN_UNUSED_VARIABLE = YES;
				IPHONEOS_DEPLOYMENT_TARGET = 13.6;
				MTL_ENABLE_DEBUG_INFO = INCLUDE_SOURCE;
				MTL_FAST_MATH = YES;
				ONLY_ACTIVE_ARCH = YES;
				SDKROOT = iphoneos;
				SWIFT_ACTIVE_COMPILATION_CONDITIONS = DEBUG;
				SWIFT_OPTIMIZATION_LEVEL = "-Onone";
			};
			name = Debug;
		};
		D022F626253F0F9200652752 /* Release */ = {
			isa = XCBuildConfiguration;
			buildSettings = {
				ALWAYS_SEARCH_USER_PATHS = NO;
				CLANG_ANALYZER_NONNULL = YES;
				CLANG_ANALYZER_NUMBER_OBJECT_CONVERSION = YES_AGGRESSIVE;
				CLANG_CXX_LANGUAGE_STANDARD = "gnu++14";
				CLANG_CXX_LIBRARY = "libc++";
				CLANG_ENABLE_MODULES = YES;
				CLANG_ENABLE_OBJC_ARC = YES;
				CLANG_ENABLE_OBJC_WEAK = YES;
				CLANG_WARN_BLOCK_CAPTURE_AUTORELEASING = YES;
				CLANG_WARN_BOOL_CONVERSION = YES;
				CLANG_WARN_COMMA = YES;
				CLANG_WARN_CONSTANT_CONVERSION = YES;
				CLANG_WARN_DEPRECATED_OBJC_IMPLEMENTATIONS = YES;
				CLANG_WARN_DIRECT_OBJC_ISA_USAGE = YES_ERROR;
				CLANG_WARN_DOCUMENTATION_COMMENTS = YES;
				CLANG_WARN_EMPTY_BODY = YES;
				CLANG_WARN_ENUM_CONVERSION = YES;
				CLANG_WARN_INFINITE_RECURSION = YES;
				CLANG_WARN_INT_CONVERSION = YES;
				CLANG_WARN_NON_LITERAL_NULL_CONVERSION = YES;
				CLANG_WARN_OBJC_IMPLICIT_RETAIN_SELF = YES;
				CLANG_WARN_OBJC_LITERAL_CONVERSION = YES;
				CLANG_WARN_OBJC_ROOT_CLASS = YES_ERROR;
				CLANG_WARN_RANGE_LOOP_ANALYSIS = YES;
				CLANG_WARN_STRICT_PROTOTYPES = YES;
				CLANG_WARN_SUSPICIOUS_MOVE = YES;
				CLANG_WARN_UNGUARDED_AVAILABILITY = YES_AGGRESSIVE;
				CLANG_WARN_UNREACHABLE_CODE = YES;
				CLANG_WARN__DUPLICATE_METHOD_MATCH = YES;
				COPY_PHASE_STRIP = NO;
				DEBUG_INFORMATION_FORMAT = "dwarf-with-dsym";
				ENABLE_NS_ASSERTIONS = NO;
				ENABLE_STRICT_OBJC_MSGSEND = YES;
				GCC_C_LANGUAGE_STANDARD = gnu11;
				GCC_NO_COMMON_BLOCKS = YES;
				GCC_WARN_64_TO_32_BIT_CONVERSION = YES;
				GCC_WARN_ABOUT_RETURN_TYPE = YES_ERROR;
				GCC_WARN_UNDECLARED_SELECTOR = YES;
				GCC_WARN_UNINITIALIZED_AUTOS = YES_AGGRESSIVE;
				GCC_WARN_UNUSED_FUNCTION = YES;
				GCC_WARN_UNUSED_VARIABLE = YES;
				IPHONEOS_DEPLOYMENT_TARGET = 13.6;
				MTL_ENABLE_DEBUG_INFO = NO;
				MTL_FAST_MATH = YES;
				SDKROOT = iphoneos;
				SWIFT_COMPILATION_MODE = wholemodule;
				SWIFT_OPTIMIZATION_LEVEL = "-O";
				VALIDATE_PRODUCT = YES;
			};
			name = Release;
		};
		D022F628253F0F9200652752 /* Debug */ = {
			isa = XCBuildConfiguration;
			buildSettings = {
				ASSETCATALOG_COMPILER_APPICON_NAME = AppIcon;
				CLANG_ENABLE_MODULES = YES;
				CODE_SIGN_STYLE = Automatic;
				DEVELOPMENT_TEAM = 33TS6KJYJJ;
				INFOPLIST_FILE = XYDropMenuView/Info.plist;
				IPHONEOS_DEPLOYMENT_TARGET = 10.0;
				LD_RUNPATH_SEARCH_PATHS = (
					"$(inherited)",
					"@executable_path/Frameworks",
				);
				PRODUCT_BUNDLE_IDENTIFIER = com.enba.XYDropMenuView;
				PRODUCT_NAME = "$(TARGET_NAME)";
				SWIFT_OBJC_BRIDGING_HEADER = "XYDropMenuView/XYDropMenuView-Bridging-Header.h";
				SWIFT_OPTIMIZATION_LEVEL = "-Onone";
				SWIFT_VERSION = 5.0;
				TARGETED_DEVICE_FAMILY = "1,2";
			};
			name = Debug;
		};
		D022F629253F0F9200652752 /* Release */ = {
			isa = XCBuildConfiguration;
			buildSettings = {
				ASSETCATALOG_COMPILER_APPICON_NAME = AppIcon;
				CLANG_ENABLE_MODULES = YES;
				CODE_SIGN_STYLE = Automatic;
				DEVELOPMENT_TEAM = 33TS6KJYJJ;
				INFOPLIST_FILE = XYDropMenuView/Info.plist;
				IPHONEOS_DEPLOYMENT_TARGET = 10.0;
				LD_RUNPATH_SEARCH_PATHS = (
					"$(inherited)",
					"@executable_path/Frameworks",
				);
				PRODUCT_BUNDLE_IDENTIFIER = com.enba.XYDropMenuView;
				PRODUCT_NAME = "$(TARGET_NAME)";
				SWIFT_OBJC_BRIDGING_HEADER = "XYDropMenuView/XYDropMenuView-Bridging-Header.h";
				SWIFT_VERSION = 5.0;
				TARGETED_DEVICE_FAMILY = "1,2";
			};
			name = Release;
		};
/* End XCBuildConfiguration section */

/* Begin XCConfigurationList section */
		D022F60E253F0F8500652752 /* Build configuration list for PBXProject "XYDropMenuView" */ = {
			isa = XCConfigurationList;
			buildConfigurations = (
				D022F625253F0F9200652752 /* Debug */,
				D022F626253F0F9200652752 /* Release */,
			);
			defaultConfigurationIsVisible = 0;
			defaultConfigurationName = Release;
		};
		D022F627253F0F9200652752 /* Build configuration list for PBXNativeTarget "XYDropMenuView" */ = {
			isa = XCConfigurationList;
			buildConfigurations = (
				D022F628253F0F9200652752 /* Debug */,
				D022F629253F0F9200652752 /* Release */,
			);
			defaultConfigurationIsVisible = 0;
			defaultConfigurationName = Release;
		};
/* End XCConfigurationList section */
	};
	rootObject = D022F60B253F0F8400652752 /* Project object */;
}
